<?xml version="1.0" encoding="UTF-8" standalone="yes" ?>
<CodeBlocks_project_file>
   <FileVersion major="1" minor="6" />
   <Project>
      <Option title="asm_test" />
      <Option makefile_is_custom="1" />
      <Option compiler="msvc8" />
      <Option virtualFolders="CMake Files\;" />
      <Build>
      <Target title="all">
         <Option working_dir="C:/SRC/X86_LIBRARIES/STK/stasm/asm_test/Desktop_Qt_5_5_1_MSVC2010_32bit-Default" />
         <Option type="4" />
         <MakeCommands>
            <Build command="nmake /NOLOGO /f C:\SRC\X86_LIBRARIES\STK\stasm\asm_test\Desktop_Qt_5_5_1_MSVC2010_32bit-Default\Makefile VERBOSE=1 all" />
            <CompileFile command="nmake /NOLOGO /f C:\SRC\X86_LIBRARIES\STK\stasm\asm_test\Desktop_Qt_5_5_1_MSVC2010_32bit-Default\Makefile VERBOSE=1 &quot;$file&quot;" />
            <Clean command="nmake /NOLOGO /f C:\SRC\X86_LIBRARIES\STK\stasm\asm_test\Desktop_Qt_5_5_1_MSVC2010_32bit-Default\Makefile VERBOSE=1 clean" />
            <DistClean command="nmake /NOLOGO /f C:\SRC\X86_LIBRARIES\STK\stasm\asm_test\Desktop_Qt_5_5_1_MSVC2010_32bit-Default\Makefile VERBOSE=1 clean" />
         </MakeCommands>
      </Target>
      <Target title="edit_cache">
         <Option working_dir="C:/SRC/X86_LIBRARIES/STK/stasm/asm_test/Desktop_Qt_5_5_1_MSVC2010_32bit-Default" />
         <Option type="4" />
         <MakeCommands>
            <Build command="nmake /NOLOGO /f C:\SRC\X86_LIBRARIES\STK\stasm\asm_test\Desktop_Qt_5_5_1_MSVC2010_32bit-Default\Makefile VERBOSE=1 edit_cache" />
            <CompileFile command="nmake /NOLOGO /f C:\SRC\X86_LIBRARIES\STK\stasm\asm_test\Desktop_Qt_5_5_1_MSVC2010_32bit-Default\Makefile VERBOSE=1 &quot;$file&quot;" />
            <Clean command="nmake /NOLOGO /f C:\SRC\X86_LIBRARIES\STK\stasm\asm_test\Desktop_Qt_5_5_1_MSVC2010_32bit-Default\Makefile VERBOSE=1 clean" />
            <DistClean command="nmake /NOLOGO /f C:\SRC\X86_LIBRARIES\STK\stasm\asm_test\Desktop_Qt_5_5_1_MSVC2010_32bit-Default\Makefile VERBOSE=1 clean" />
         </MakeCommands>
      </Target>
      <Target title="rebuild_cache">
         <Option working_dir="C:/SRC/X86_LIBRARIES/STK/stasm/asm_test/Desktop_Qt_5_5_1_MSVC2010_32bit-Default" />
         <Option type="4" />
         <MakeCommands>
            <Build command="nmake /NOLOGO /f C:\SRC\X86_LIBRARIES\STK\stasm\asm_test\Desktop_Qt_5_5_1_MSVC2010_32bit-Default\Makefile VERBOSE=1 rebuild_cache" />
            <CompileFile command="nmake /NOLOGO /f C:\SRC\X86_LIBRARIES\STK\stasm\asm_test\Desktop_Qt_5_5_1_MSVC2010_32bit-Default\Makefile VERBOSE=1 &quot;$file&quot;" />
            <Clean command="nmake /NOLOGO /f C:\SRC\X86_LIBRARIES\STK\stasm\asm_test\Desktop_Qt_5_5_1_MSVC2010_32bit-Default\Makefile VERBOSE=1 clean" />
            <DistClean command="nmake /NOLOGO /f C:\SRC\X86_LIBRARIES\STK\stasm\asm_test\Desktop_Qt_5_5_1_MSVC2010_32bit-Default\Makefile VERBOSE=1 clean" />
         </MakeCommands>
      </Target>
      <Target title="asm_test">
         <Option output="C:/SRC/X86_LIBRARIES/STK/stasm/asm_test/Desktop_Qt_5_5_1_MSVC2010_32bit-Default/asm_test.exe" prefix_auto="0" extension_auto="0" />
         <Option working_dir="C:/SRC/X86_LIBRARIES/STK/stasm/asm_test/Desktop_Qt_5_5_1_MSVC2010_32bit-Default" />
         <Option object_output="./" />
         <Option type="1" />
         <Option compiler="msvc8" />
         <Compiler>
         </Compiler>
         <MakeCommands>
            <Build command="nmake /NOLOGO /f C:\SRC\X86_LIBRARIES\STK\stasm\asm_test\Desktop_Qt_5_5_1_MSVC2010_32bit-Default\Makefile VERBOSE=1 asm_test" />
            <CompileFile command="nmake /NOLOGO /f C:\SRC\X86_LIBRARIES\STK\stasm\asm_test\Desktop_Qt_5_5_1_MSVC2010_32bit-Default\Makefile VERBOSE=1 &quot;$file&quot;" />
            <Clean command="nmake /NOLOGO /f C:\SRC\X86_LIBRARIES\STK\stasm\asm_test\Desktop_Qt_5_5_1_MSVC2010_32bit-Default\Makefile VERBOSE=1 clean" />
            <DistClean command="nmake /NOLOGO /f C:\SRC\X86_LIBRARIES\STK\stasm\asm_test\Desktop_Qt_5_5_1_MSVC2010_32bit-Default\Makefile VERBOSE=1 clean" />
         </MakeCommands>
      </Target>
      <Target title="asm_test/fast">
         <Option output="C:/SRC/X86_LIBRARIES/STK/stasm/asm_test/Desktop_Qt_5_5_1_MSVC2010_32bit-Default/asm_test.exe" prefix_auto="0" extension_auto="0" />
         <Option working_dir="C:/SRC/X86_LIBRARIES/STK/stasm/asm_test/Desktop_Qt_5_5_1_MSVC2010_32bit-Default" />
         <Option object_output="./" />
         <Option type="1" />
         <Option compiler="msvc8" />
         <Compiler>
         </Compiler>
         <MakeCommands>
            <Build command="nmake /NOLOGO /f C:\SRC\X86_LIBRARIES\STK\stasm\asm_test\Desktop_Qt_5_5_1_MSVC2010_32bit-Default\Makefile VERBOSE=1 asm_test/fast" />
            <CompileFile command="nmake /NOLOGO /f C:\SRC\X86_LIBRARIES\STK\stasm\asm_test\Desktop_Qt_5_5_1_MSVC2010_32bit-Default\Makefile VERBOSE=1 &quot;$file&quot;" />
            <Clean command="nmake /NOLOGO /f C:\SRC\X86_LIBRARIES\STK\stasm\asm_test\Desktop_Qt_5_5_1_MSVC2010_32bit-Default\Makefile VERBOSE=1 clean" />
            <DistClean command="nmake /NOLOGO /f C:\SRC\X86_LIBRARIES\STK\stasm\asm_test\Desktop_Qt_5_5_1_MSVC2010_32bit-Default\Makefile VERBOSE=1 clean" />
         </MakeCommands>
      </Target>
      </Build>
      <Unit filename="C:/SRC/X86_LIBRARIES/STK/stasm/asm_test/main.cpp">
      </Unit>
      <Unit filename="C:/SRC/X86_LIBRARIES/STK/stasm/asm_test/CMakeLists.txt">
          <Option virtualFolder="CMake Files\" />
      </Unit>
   </Project>
</CodeBlocks_project_file>
